// !$*UTF8*$!
{
	archiveVersion = 1;
	classes = {
	};
	objectVersion = 56;
	objects = {

/* Begin PBXBuildFile section */
		844D92AA2BDB25BC004482AE /* T4DCollectionVC.swift in Sources */ = {isa = PBXBuildFile; fileRef = 844D92972BDB25BC004482AE /* T4DCollectionVC.swift */; };
		844D92AB2BDB25BC004482AE /* T4DInformationVC.swift in Sources */ = {isa = PBXBuildFile; fileRef = 844D92982BDB25BC004482AE /* T4DInformationVC.swift */; };
		844D92AC2BDB25BC004482AE /* T4DInitialVC.swift in Sources */ = {isa = PBXBuildFile; fileRef = 844D92992BDB25BC004482AE /* T4DInitialVC.swift */; };
		844D92AD2BDB25BC004482AE /* TD4Animation.swift in Sources */ = {isa = PBXBuildFile; fileRef = 844D929B2BDB25BC004482AE /* TD4Animation.swift */; };
		844D92AE2BDB25BC004482AE /* AppDelegate.swift in Sources */ = {isa = PBXBuildFile; fileRef = 844D929D2BDB25BC004482AE /* AppDelegate.swift */; };
		844D92AF2BDB25BC004482AE /* Assets.xcassets in Resources */ = {isa = PBXBuildFile; fileRef = 844D929E2BDB25BC004482AE /* Assets.xcassets */; };
		844D92B02BDB25BC004482AE /* LaunchScreen.storyboard in Resources */ = {isa = PBXBuildFile; fileRef = 844D92A02BDB25BC004482AE /* LaunchScreen.storyboard */; };
		844D92B12BDB25BC004482AE /* Main.storyboard in Resources */ = {isa = PBXBuildFile; fileRef = 844D92A22BDB25BC004482AE /* Main.storyboard */; };
		844D92B22BDB25BC004482AE /* SceneDelegate.swift in Sources */ = {isa = PBXBuildFile; fileRef = 844D92A32BDB25BC004482AE /* SceneDelegate.swift */; };
		844D92B32BDB25BC004482AE /* T4DAnimationBtn.swift in Sources */ = {isa = PBXBuildFile; fileRef = 844D92A52BDB25BC004482AE /* T4DAnimationBtn.swift */; };
		844D92B42BDB25BC004482AE /* T4DViewCell.swift in Sources */ = {isa = PBXBuildFile; fileRef = 844D92A62BDB25BC004482AE /* T4DViewCell.swift */; };
/* End PBXBuildFile section */

/* Begin PBXFileReference section */
		843D013C2BD85E70007917F0 /* Transitions4Devs2.app */ = {isa = PBXFileReference; explicitFileType = wrapper.application; includeInIndex = 0; path = Transitions4Devs2.app; sourceTree = BUILT_PRODUCTS_DIR; };
		844D92972BDB25BC004482AE /* T4DCollectionVC.swift */ = {isa = PBXFileReference; fileEncoding = 4; lastKnownFileType = sourcecode.swift; path = T4DCollectionVC.swift; sourceTree = "<group>"; };
		844D92982BDB25BC004482AE /* T4DInformationVC.swift */ = {isa = PBXFileReference; fileEncoding = 4; lastKnownFileType = sourcecode.swift; path = T4DInformationVC.swift; sourceTree = "<group>"; };
		844D92992BDB25BC004482AE /* T4DInitialVC.swift */ = {isa = PBXFileReference; fileEncoding = 4; lastKnownFileType = sourcecode.swift; path = T4DInitialVC.swift; sourceTree = "<group>"; };
		844D929B2BDB25BC004482AE /* TD4Animation.swift */ = {isa = PBXFileReference; fileEncoding = 4; lastKnownFileType = sourcecode.swift; path = TD4Animation.swift; sourceTree = "<group>"; };
		844D929D2BDB25BC004482AE /* AppDelegate.swift */ = {isa = PBXFileReference; fileEncoding = 4; lastKnownFileType = sourcecode.swift; path = AppDelegate.swift; sourceTree = "<group>"; };
		844D929E2BDB25BC004482AE /* Assets.xcassets */ = {isa = PBXFileReference; lastKnownFileType = folder.assetcatalog; path = Assets.xcassets; sourceTree = "<group>"; };
		844D929F2BDB25BC004482AE /* Base */ = {isa = PBXFileReference; lastKnownFileType = file.storyboard; name = Base; path = Base.lproj/LaunchScreen.storyboard; sourceTree = "<group>"; };
		844D92A12BDB25BC004482AE /* Base */ = {isa = PBXFileReference; lastKnownFileType = file.storyboard; name = Base; path = Base.lproj/Main.storyboard; sourceTree = "<group>"; };
		844D92A32BDB25BC004482AE /* SceneDelegate.swift */ = {isa = PBXFileReference; fileEncoding = 4; lastKnownFileType = sourcecode.swift; path = SceneDelegate.swift; sourceTree = "<group>"; };
		844D92A52BDB25BC004482AE /* T4DAnimationBtn.swift */ = {isa = PBXFileReference; fileEncoding = 4; lastKnownFileType = sourcecode.swift; path = T4DAnimationBtn.swift; sourceTree = "<group>"; };
		844D92A62BDB25BC004482AE /* T4DViewCell.swift */ = {isa = PBXFileReference; fileEncoding = 4; lastKnownFileType = sourcecode.swift; path = T4DViewCell.swift; sourceTree = "<group>"; };
		844D92A82BDB25BC004482AE /* Info.plist */ = {isa = PBXFileReference; fileEncoding = 4; lastKnownFileType = text.plist.xml; path = Info.plist; sourceTree = "<group>"; };
/* End PBXFileReference section */

/* Begin PBXFrameworksBuildPhase section */
		843D01392BD85E70007917F0 /* Frameworks */ = {
			isa = PBXFrameworksBuildPhase;
			buildActionMask = 2147483647;
			files = (
			);
			runOnlyForDeploymentPostprocessing = 0;
		};
/* End PBXFrameworksBuildPhase section */

/* Begin PBXGroup section */
		843D01332BD85E70007917F0 = {
			isa = PBXGroup;
			children = (
				844D92A92BDB25BC004482AE /* Transitions4Devs2 */,
				843D013D2BD85E70007917F0 /* Products */,
			);
			sourceTree = "<group>";
		};
		843D013D2BD85E70007917F0 /* Products */ = {
			isa = PBXGroup;
			children = (
				843D013C2BD85E70007917F0 /* Transitions4Devs2.app */,
			);
			name = Products;
			sourceTree = "<group>";
		};
		844D929A2BDB25BC004482AE /* Controllers */ = {
			isa = PBXGroup;
			children = (
				844D92972BDB25BC004482AE /* T4DCollectionVC.swift */,
				844D92982BDB25BC004482AE /* T4DInformationVC.swift */,
				844D92992BDB25BC004482AE /* T4DInitialVC.swift */,
			);
			path = Controllers;
			sourceTree = "<group>";
		};
		844D929C2BDB25BC004482AE /* Models */ = {
			isa = PBXGroup;
			children = (
				844D929B2BDB25BC004482AE /* TD4Animation.swift */,
			);
			path = Models;
			sourceTree = "<group>";
		};
		844D92A42BDB25BC004482AE /* Support */ = {
			isa = PBXGroup;
			children = (
				844D929D2BDB25BC004482AE /* AppDelegate.swift */,
				844D929E2BDB25BC004482AE /* Assets.xcassets */,
				844D92A02BDB25BC004482AE /* LaunchScreen.storyboard */,
				844D92A22BDB25BC004482AE /* Main.storyboard */,
				844D92A32BDB25BC004482AE /* SceneDelegate.swift */,
			);
			path = Support;
			sourceTree = "<group>";
		};
		844D92A72BDB25BC004482AE /* Views */ = {
			isa = PBXGroup;
			children = (
				844D92A52BDB25BC004482AE /* T4DAnimationBtn.swift */,
				844D92A62BDB25BC004482AE /* T4DViewCell.swift */,
			);
			path = Views;
			sourceTree = "<group>";
		};
		844D92A92BDB25BC004482AE /* Transitions4Devs2 */ = {
			isa = PBXGroup;
			children = (
				844D929C2BDB25BC004482AE /* Models */,
				844D92A72BDB25BC004482AE /* Views */,
				844D929A2BDB25BC004482AE /* Controllers */,
				844D92A42BDB25BC004482AE /* Support */,
				844D92A82BDB25BC004482AE /* Info.plist */,
			);
			path = Transitions4Devs2;
			sourceTree = "<group>";
		};
/* End PBXGroup section */

/* Begin PBXNativeTarget section */
		843D013B2BD85E70007917F0 /* Transitions4Devs2 */ = {
			isa = PBXNativeTarget;
			buildConfigurationList = 843D01502BD85E72007917F0 /* Build configuration list for PBXNativeTarget "Transitions4Devs2" */;
			buildPhases = (
				843D01382BD85E70007917F0 /* Sources */,
				843D01392BD85E70007917F0 /* Frameworks */,
				843D013A2BD85E70007917F0 /* Resources */,
			);
			buildRules = (
			);
			dependencies = (
			);
			name = Transitions4Devs2;
			productName = Transitions4Devs2;
			productReference = 843D013C2BD85E70007917F0 /* Transitions4Devs2.app */;
			productType = "com.apple.product-type.application";
		};
/* End PBXNativeTarget section */

/* Begin PBXProject section */
		843D01342BD85E70007917F0 /* Project object */ = {
			isa = PBXProject;
			attributes = {
				BuildIndependentTargetsInParallel = 1;
				LastSwiftUpdateCheck = 1530;
				LastUpgradeCheck = 1530;
				TargetAttributes = {
					843D013B2BD85E70007917F0 = {
						CreatedOnToolsVersion = 15.3;
					};
				};
			};
			buildConfigurationList = 843D01372BD85E70007917F0 /* Build configuration list for PBXProject "Transitions4Devs2" */;
			compatibilityVersion = "Xcode 14.0";
			developmentRegion = en;
			hasScannedForEncodings = 0;
			knownRegions = (
				en,
				Base,
			);
			mainGroup = 843D01332BD85E70007917F0;
			productRefGroup = 843D013D2BD85E70007917F0 /* Products */;
			projectDirPath = "";
			projectRoot = "";
			targets = (
				843D013B2BD85E70007917F0 /* Transitions4Devs2 */,
			);
		};
/* End PBXProject section */

/* Begin PBXResourcesBuildPhase section */
		843D013A2BD85E70007917F0 /* Resources */ = {
			isa = PBXResourcesBuildPhase;
			buildActionMask = 2147483647;
			files = (
				844D92AF2BDB25BC004482AE /* Assets.xcassets in Resources */,
				844D92B12BDB25BC004482AE /* Main.storyboard in Resources */,
				844D92B02BDB25BC004482AE /* LaunchScreen.storyboard in Resources */,
			);
			runOnlyForDeploymentPostprocessing = 0;
		};
/* End PBXResourcesBuildPhase section */

/* Begin PBXSourcesBuildPhase section */
		843D01382BD85E70007917F0 /* Sources */ = {
			isa = PBXSourcesBuildPhase;
			buildActionMask = 2147483647;
			files = (
				844D92AE2BDB25BC004482AE /* AppDelegate.swift in Sources */,
				844D92AB2BDB25BC004482AE /* T4DInformationVC.swift in Sources */,
				844D92B22BDB25BC004482AE /* SceneDelegate.swift in Sources */,
				844D92AC2BDB25BC004482AE /* T4DInitialVC.swift in Sources */,
				844D92AD2BDB25BC004482AE /* TD4Animation.swift in Sources */,
				844D92B32BDB25BC004482AE /* T4DAnimationBtn.swift in Sources */,
				844D92AA2BDB25BC004482AE /* T4DCollectionVC.swift in Sources */,
				844D92B42BDB25BC004482AE /* T4DViewCell.swift in Sources */,
			);
			runOnlyForDeploymentPostprocessing = 0;
		};
/* End PBXSourcesBuildPhase section */

/* Begin PBXVariantGroup section */
		844D92A02BDB25BC004482AE /* LaunchScreen.storyboard */ = {
			isa = PBXVariantGroup;
			children = (
				844D929F2BDB25BC004482AE /* Base */,
			);
			name = LaunchScreen.storyboard;
			sourceTree = "<group>";
		};
		844D92A22BDB25BC004482AE /* Main.storyboard */ = {
			isa = PBXVariantGroup;
			children = (
				844D92A12BDB25BC004482AE /* Base */,
			);
			name = Main.storyboard;
			sourceTree = "<group>";
		};
/* End PBXVariantGroup section */

/* Begin XCBuildConfiguration section */
		843D014E2BD85E72007917F0 /* Debug */ = {
			isa = XCBuildConfiguration;
			buildSettings = {
				ALWAYS_SEARCH_USER_PATHS = NO;
				ASSETCATALOG_COMPILER_GENERATE_SWIFT_ASSET_SYMBOL_EXTENSIONS = YES;
				CLANG_ANALYZER_NONNULL = YES;
				CLANG_ANALYZER_NUMBER_OBJECT_CONVERSION = YES_AGGRESSIVE;
				CLANG_CXX_LANGUAGE_STANDARD = "gnu++20";
				CLANG_ENABLE_MODULES = YES;
				CLANG_ENABLE_OBJC_ARC = YES;
				CLANG_ENABLE_OBJC_WEAK = YES;
				CLANG_WARN_BLOCK_CAPTURE_AUTORELEASING = YES;
				CLANG_WARN_BOOL_CONVERSION = YES;
				CLANG_WARN_COMMA = YES;
				CLANG_WARN_CONSTANT_CONVERSION = YES;
				CLANG_WARN_DEPRECATED_OBJC_IMPLEMENTATIONS = YES;
				CLANG_WARN_DIRECT_OBJC_ISA_USAGE = YES_ERROR;
				CLANG_WARN_DOCUMENTATION_COMMENTS = YES;
				CLANG_WARN_EMPTY_BODY = YES;
				CLANG_WARN_ENUM_CONVERSION = YES;
				CLANG_WARN_INFINITE_RECURSION = YES;
				CLANG_WARN_INT_CONVERSION = YES;
				CLANG_WARN_NON_LITERAL_NULL_CONVERSION = YES;
				CLANG_WARN_OBJC_IMPLICIT_RETAIN_SELF = YES;
				CLANG_WARN_OBJC_LITERAL_CONVERSION = YES;
				CLANG_WARN_OBJC_ROOT_CLASS = YES_ERROR;
				CLANG_WARN_QUOTED_INCLUDE_IN_FRAMEWORK_HEADER = YES;
				CLANG_WARN_RANGE_LOOP_ANALYSIS = YES;
				CLANG_WARN_STRICT_PROTOTYPES = YES;
				CLANG_WARN_SUSPICIOUS_MOVE = YES;
				CLANG_WARN_UNGUARDED_AVAILABILITY = YES_AGGRESSIVE;
				CLANG_WARN_UNREACHABLE_CODE = YES;
				CLANG_WARN__DUPLICATE_METHOD_MATCH = YES;
				COPY_PHASE_STRIP = NO;
				DEBUG_INFORMATION_FORMAT = dwarf;
				ENABLE_STRICT_OBJC_MSGSEND = YES;
				ENABLE_TESTABILITY = YES;
				ENABLE_USER_SCRIPT_SANDBOXING = YES;
				GCC_C_LANGUAGE_STANDARD = gnu17;
				GCC_DYNAMIC_NO_PIC = NO;
				GCC_NO_COMMON_BLOCKS = YES;
				GCC_OPTIMIZATION_LEVEL = 0;
				GCC_PREPROCESSOR_DEFINITIONS = (
					"DEBUG=1",
					"$(inherited)",
				);
				GCC_WARN_64_TO_32_BIT_CONVERSION = YES;
				GCC_WARN_ABOUT_RETURN_TYPE = YES_ERROR;
				GCC_WARN_UNDECLARED_SELECTOR = YES;
				GCC_WARN_UNINITIALIZED_AUTOS = YES_AGGRESSIVE;
				GCC_WARN_UNUSED_FUNCTION = YES;
				GCC_WARN_UNUSED_VARIABLE = YES;
				IPHONEOS_DEPLOYMENT_TARGET = 17.4;
				LOCALIZATION_PREFERS_STRING_CATALOGS = YES;
				MTL_ENABLE_DEBUG_INFO = INCLUDE_SOURCE;
				MTL_FAST_MATH = YES;
				ONLY_ACTIVE_ARCH = YES;
				SDKROOT = iphoneos;
				SWIFT_ACTIVE_COMPILATION_CONDITIONS = "DEBUG $(inherited)";
				SWIFT_OPTIMIZATION_LEVEL = "-Onone";
			};
			name = Debug;
		};
		843D014F2BD85E72007917F0 /* Release */ = {
			isa = XCBuildConfiguration;
			buildSettings = {
				ALWAYS_SEARCH_USER_PATHS = NO;
				ASSETCATALOG_COMPILER_GENERATE_SWIFT_ASSET_SYMBOL_EXTENSIONS = YES;
				CLANG_ANALYZER_NONNULL = YES;
				CLANG_ANALYZER_NUMBER_OBJECT_CONVERSION = YES_AGGRESSIVE;
				CLANG_CXX_LANGUAGE_STANDARD = "gnu++20";
				CLANG_ENABLE_MODULES = YES;
				CLANG_ENABLE_OBJC_ARC = YES;
				CLANG_ENABLE_OBJC_WEAK = YES;
				CLANG_WARN_BLOCK_CAPTURE_AUTORELEASING = YES;
				CLANG_WARN_BOOL_CONVERSION = YES;
				CLANG_WARN_COMMA = YES;
				CLANG_WARN_CONSTANT_CONVERSION = YES;
				CLANG_WARN_DEPRECATED_OBJC_IMPLEMENTATIONS = YES;
				CLANG_WARN_DIRECT_OBJC_ISA_USAGE = YES_ERROR;
				CLANG_WARN_DOCUMENTATION_COMMENTS = YES;
				CLANG_WARN_EMPTY_BODY = YES;
				CLANG_WARN_ENUM_CONVERSION = YES;
				CLANG_WARN_INFINITE_RECURSION = YES;
				CLANG_WARN_INT_CONVERSION = YES;
				CLANG_WARN_NON_LITERAL_NULL_CONVERSION = YES;
				CLANG_WARN_OBJC_IMPLICIT_RETAIN_SELF = YES;
				CLANG_WARN_OBJC_LITERAL_CONVERSION = YES;
				CLANG_WARN_OBJC_ROOT_CLASS = YES_ERROR;
				CLANG_WARN_QUOTED_INCLUDE_IN_FRAMEWORK_HEADER = YES;
				CLANG_WARN_RANGE_LOOP_ANALYSIS = YES;
				CLANG_WARN_STRICT_PROTOTYPES = YES;
				CLANG_WARN_SUSPICIOUS_MOVE = YES;
				CLANG_WARN_UNGUARDED_AVAILABILITY = YES_AGGRESSIVE;
				CLANG_WARN_UNREACHABLE_CODE = YES;
				CLANG_WARN__DUPLICATE_METHOD_MATCH = YES;
				COPY_PHASE_STRIP = NO;
				DEBUG_INFORMATION_FORMAT = "dwarf-with-dsym";
				ENABLE_NS_ASSERTIONS = NO;
				ENABLE_STRICT_OBJC_MSGSEND = YES;
				ENABLE_USER_SCRIPT_SANDBOXING = YES;
				GCC_C_LANGUAGE_STANDARD = gnu17;
				GCC_NO_COMMON_BLOCKS = YES;
				GCC_WARN_64_TO_32_BIT_CONVERSION = YES;
				GCC_WARN_ABOUT_RETURN_TYPE = YES_ERROR;
				GCC_WARN_UNDECLARED_SELECTOR = YES;
				GCC_WARN_UNINITIALIZED_AUTOS = YES_AGGRESSIVE;
				GCC_WARN_UNUSED_FUNCTION = YES;
				GCC_WARN_UNUSED_VARIABLE = YES;
				IPHONEOS_DEPLOYMENT_TARGET = 17.4;
				LOCALIZATION_PREFERS_STRING_CATALOGS = YES;
				MTL_ENABLE_DEBUG_INFO = NO;
				MTL_FAST_MATH = YES;
				SDKROOT = iphoneos;
				SWIFT_COMPILATION_MODE = wholemodule;
				VALIDATE_PRODUCT = YES;
			};
			name = Release;
		};
		843D01512BD85E72007917F0 /* Debug */ = {
			isa = XCBuildConfiguration;
			buildSettings = {
				ASSETCATALOG_COMPILER_APPICON_NAME = AppIcon;
				ASSETCATALOG_COMPILER_GLOBAL_ACCENT_COLOR_NAME = AccentColor;
				CODE_SIGN_STYLE = Automatic;
				CURRENT_PROJECT_VERSION = 1;
				DEVELOPMENT_TEAM = 7X75FNL228;
				GENERATE_INFOPLIST_FILE = YES;
				INFOPLIST_FILE = Transitions4Devs2/Info.plist;
				INFOPLIST_KEY_UIApplicationSupportsIndirectInputEvents = YES;
				INFOPLIST_KEY_UILaunchStoryboardName = LaunchScreen;
				INFOPLIST_KEY_UIMainStoryboardFile = Main;
				INFOPLIST_KEY_UISupportedInterfaceOrientations_iPad = "UIInterfaceOrientationPortrait UIInterfaceOrientationPortraitUpsideDown UIInterfaceOrientationLandscapeLeft UIInterfaceOrientationLandscapeRight";
				INFOPLIST_KEY_UISupportedInterfaceOrientations_iPhone = "UIInterfaceOrientationPortrait UIInterfaceOrientationLandscapeLeft UIInterfaceOrientationLandscapeRight";
				LD_RUNPATH_SEARCH_PATHS = (
					"$(inherited)",
					"@executable_path/Frameworks",
				);
				MARKETING_VERSION = 1.0;
				PRODUCT_BUNDLE_IDENTIFIER = yanbrunshteyn.Transitions4Devs2;
				PRODUCT_NAME = "$(TARGET_NAME)";
				SWIFT_EMIT_LOC_STRINGS = YES;
				SWIFT_VERSION = 5.0;
				TARGETED_DEVICE_FAMILY = "1,2";
			};
			name = Debug;
		};
		843D01522BD85E72007917F0 /* Release */ = {
			isa = XCBuildConfiguration;
			buildSettings = {
				ASSETCATALOG_COMPILER_APPICON_NAME = AppIcon;
				ASSETCATALOG_COMPILER_GLOBAL_ACCENT_COLOR_NAME = AccentColor;
				CODE_SIGN_STYLE = Automatic;
				CURRENT_PROJECT_VERSION = 1;
				DEVELOPMENT_TEAM = 7X75FNL228;
				GENERATE_INFOPLIST_FILE = YES;
				INFOPLIST_FILE = Transitions4Devs2/Info.plist;
				INFOPLIST_KEY_UIApplicationSupportsIndirectInputEvents = YES;
				INFOPLIST_KEY_UILaunchStoryboardName = LaunchScreen;
				INFOPLIST_KEY_UIMainStoryboardFile = Main;
				INFOPLIST_KEY_UISupportedInterfaceOrientations_iPad = "UIInterfaceOrientationPortrait UIInterfaceOrientationPortraitUpsideDown UIInterfaceOrientationLandscapeLeft UIInterfaceOrientationLandscapeRight";
				INFOPLIST_KEY_UISupportedInterfaceOrientations_iPhone = "UIInterfaceOrientationPortrait UIInterfaceOrientationLandscapeLeft UIInterfaceOrientationLandscapeRight";
				LD_RUNPATH_SEARCH_PATHS = (
					"$(inherited)",
					"@executable_path/Frameworks",
				);
				MARKETING_VERSION = 1.0;
				PRODUCT_BUNDLE_IDENTIFIER = yanbrunshteyn.Transitions4Devs2;
				PRODUCT_NAME = "$(TARGET_NAME)";
				SWIFT_EMIT_LOC_STRINGS = YES;
				SWIFT_VERSION = 5.0;
				TARGETED_DEVICE_FAMILY = "1,2";
			};
			name = Release;
		};
/* End XCBuildConfiguration section */

/* Begin XCConfigurationList section */
		843D01372BD85E70007917F0 /* Build configuration list for PBXProject "Transitions4Devs2" */ = {
			isa = XCConfigurationList;
			buildConfigurations = (
				843D014E2BD85E72007917F0 /* Debug */,
				843D014F2BD85E72007917F0 /* Release */,
			);
			defaultConfigurationIsVisible = 0;
			defaultConfigurationName = Release;
		};
		843D01502BD85E72007917F0 /* Build configuration list for PBXNativeTarget "Transitions4Devs2" */ = {
			isa = XCConfigurationList;
			buildConfigurations = (
				843D01512BD85E72007917F0 /* Debug */,
				843D01522BD85E72007917F0 /* Release */,
			);
			defaultConfigurationIsVisible = 0;
			defaultConfigurationName = Release;
		};
/* End XCConfigurationList section */
	};
	rootObject = 843D01342BD85E70007917F0 /* Project object */;
}
