// !$*UTF8*$!
{
	archiveVersion = 1;
	classes = {
	};
	objectVersion = 56;
	objects = {

/* Begin PBXBuildFile section */
		540EFEEE2BBF1616001DB27E /* A4DAnimation.swift in Sources */ = {isa = PBXBuildFile; fileRef = 540EFEED2BBF1616001DB27E /* A4DAnimation.swift */; };
		540EFEF52BBF17D3001DB27E /* A4DAnimationButton.swift in Sources */ = {isa = PBXBuildFile; fileRef = 540EFEF42BBF17D3001DB27E /* A4DAnimationButton.swift */; };
		540EFEF72BBF28FB001DB27E /* A4DCollectionViewCell.swift in Sources */ = {isa = PBXBuildFile; fileRef = 540EFEF62BBF28FB001DB27E /* A4DCollectionViewCell.swift */; };
		547A82712BBB5B7500725A77 /* AppDelegate.swift in Sources */ = {isa = PBXBuildFile; fileRef = 547A82702BBB5B7500725A77 /* AppDelegate.swift */; };
		547A82732BBB5B7500725A77 /* SceneDelegate.swift in Sources */ = {isa = PBXBuildFile; fileRef = 547A82722BBB5B7500725A77 /* SceneDelegate.swift */; };
		547A82752BBB5B7500725A77 /* A4DViewController.swift in Sources */ = {isa = PBXBuildFile; fileRef = 547A82742BBB5B7500725A77 /* A4DViewController.swift */; };
		547A82782BBB5B7500725A77 /* Main.storyboard in Resources */ = {isa = PBXBuildFile; fileRef = 547A82762BBB5B7500725A77 /* Main.storyboard */; };
		547A827A2BBB5B7600725A77 /* Assets.xcassets in Resources */ = {isa = PBXBuildFile; fileRef = 547A82792BBB5B7600725A77 /* Assets.xcassets */; };
		547A827D2BBB5B7600725A77 /* LaunchScreen.storyboard in Resources */ = {isa = PBXBuildFile; fileRef = 547A827B2BBB5B7600725A77 /* LaunchScreen.storyboard */; };
/* End PBXBuildFile section */

/* Begin PBXFileReference section */
		540EFEED2BBF1616001DB27E /* A4DAnimation.swift */ = {isa = PBXFileReference; lastKnownFileType = sourcecode.swift; path = A4DAnimation.swift; sourceTree = "<group>"; };
		540EFEF42BBF17D3001DB27E /* A4DAnimationButton.swift */ = {isa = PBXFileReference; lastKnownFileType = sourcecode.swift; path = A4DAnimationButton.swift; sourceTree = "<group>"; };
		540EFEF62BBF28FB001DB27E /* A4DCollectionViewCell.swift */ = {isa = PBXFileReference; lastKnownFileType = sourcecode.swift; path = A4DCollectionViewCell.swift; sourceTree = "<group>"; };
		547A826D2BBB5B7500725A77 /* Alerts4Devs.app */ = {isa = PBXFileReference; explicitFileType = wrapper.application; includeInIndex = 0; path = Alerts4Devs.app; sourceTree = BUILT_PRODUCTS_DIR; };
		547A82702BBB5B7500725A77 /* AppDelegate.swift */ = {isa = PBXFileReference; lastKnownFileType = sourcecode.swift; path = AppDelegate.swift; sourceTree = "<group>"; };
		547A82722BBB5B7500725A77 /* SceneDelegate.swift */ = {isa = PBXFileReference; lastKnownFileType = sourcecode.swift; path = SceneDelegate.swift; sourceTree = "<group>"; };
		547A82742BBB5B7500725A77 /* A4DViewController.swift */ = {isa = PBXFileReference; lastKnownFileType = sourcecode.swift; path = A4DViewController.swift; sourceTree = "<group>"; };
		547A82772BBB5B7500725A77 /* Base */ = {isa = PBXFileReference; lastKnownFileType = file.storyboard; name = Base; path = Base.lproj/Main.storyboard; sourceTree = "<group>"; };
		547A82792BBB5B7600725A77 /* Assets.xcassets */ = {isa = PBXFileReference; lastKnownFileType = folder.assetcatalog; path = Assets.xcassets; sourceTree = "<group>"; };
		547A827C2BBB5B7600725A77 /* Base */ = {isa = PBXFileReference; lastKnownFileType = file.storyboard; name = Base; path = Base.lproj/LaunchScreen.storyboard; sourceTree = "<group>"; };
		547A827E2BBB5B7600725A77 /* Info.plist */ = {isa = PBXFileReference; lastKnownFileType = text.plist.xml; path = Info.plist; sourceTree = "<group>"; };
/* End PBXFileReference section */

/* Begin PBXFrameworksBuildPhase section */
		547A826A2BBB5B7500725A77 /* Frameworks */ = {
			isa = PBXFrameworksBuildPhase;
			buildActionMask = 2147483647;
			files = (
			);
			runOnlyForDeploymentPostprocessing = 0;
		};
/* End PBXFrameworksBuildPhase section */

/* Begin PBXGroup section */
		540EFEEF2BBF1629001DB27E /* Models */ = {
			isa = PBXGroup;
			children = (
				540EFEED2BBF1616001DB27E /* A4DAnimation.swift */,
			);
			path = Models;
			sourceTree = "<group>";
		};
		540EFEF02BBF1634001DB27E /* Controllers */ = {
			isa = PBXGroup;
			children = (
				547A82742BBB5B7500725A77 /* A4DViewController.swift */,
			);
			path = Controllers;
			sourceTree = "<group>";
		};
		540EFEF12BBF178E001DB27E /* Views */ = {
			isa = PBXGroup;
			children = (
				540EFEF32BBF17A2001DB27E /* Buttons */,
				540EFEF22BBF179B001DB27E /* Cells */,
			);
			path = Views;
			sourceTree = "<group>";
		};
		540EFEF22BBF179B001DB27E /* Cells */ = {
			isa = PBXGroup;
			children = (
				540EFEF62BBF28FB001DB27E /* A4DCollectionViewCell.swift */,
			);
			path = Cells;
			sourceTree = "<group>";
		};
		540EFEF32BBF17A2001DB27E /* Buttons */ = {
			isa = PBXGroup;
			children = (
				540EFEF42BBF17D3001DB27E /* A4DAnimationButton.swift */,
			);
			path = Buttons;
			sourceTree = "<group>";
		};
		547A82642BBB5B7500725A77 = {
			isa = PBXGroup;
			children = (
				547A826F2BBB5B7500725A77 /* Alerts4Devs */,
				547A826E2BBB5B7500725A77 /* Products */,
			);
			sourceTree = "<group>";
		};
		547A826E2BBB5B7500725A77 /* Products */ = {
			isa = PBXGroup;
			children = (
				547A826D2BBB5B7500725A77 /* Alerts4Devs.app */,
			);
			name = Products;
			sourceTree = "<group>";
		};
		547A826F2BBB5B7500725A77 /* Alerts4Devs */ = {
			isa = PBXGroup;
			children = (
				540EFEF12BBF178E001DB27E /* Views */,
				540EFEF02BBF1634001DB27E /* Controllers */,
				540EFEEF2BBF1629001DB27E /* Models */,
				54D5CBCA2BBF42F8005DA998 /* Support */,
				547A827E2BBB5B7600725A77 /* Info.plist */,
			);
			path = Alerts4Devs;
			sourceTree = "<group>";
		};
		54D5CBCA2BBF42F8005DA998 /* Support */ = {
			isa = PBXGroup;
			children = (
				547A82762BBB5B7500725A77 /* Main.storyboard */,
				547A82702BBB5B7500725A77 /* AppDelegate.swift */,
				547A82722BBB5B7500725A77 /* SceneDelegate.swift */,
				547A827B2BBB5B7600725A77 /* LaunchScreen.storyboard */,
				547A82792BBB5B7600725A77 /* Assets.xcassets */,
			);
			path = Support;
			sourceTree = "<group>";
		};
/* End PBXGroup section */

/* Begin PBXNativeTarget section */
		547A826C2BBB5B7500725A77 /* Alerts4Devs */ = {
			isa = PBXNativeTarget;
			buildConfigurationList = 547A82812BBB5B7600725A77 /* Build configuration list for PBXNativeTarget "Alerts4Devs" */;
			buildPhases = (
				547A82692BBB5B7500725A77 /* Sources */,
				547A826A2BBB5B7500725A77 /* Frameworks */,
				547A826B2BBB5B7500725A77 /* Resources */,
			);
			buildRules = (
			);
			dependencies = (
			);
			name = Alerts4Devs;
			productName = Alerts4Devs;
			productReference = 547A826D2BBB5B7500725A77 /* Alerts4Devs.app */;
			productType = "com.apple.product-type.application";
		};
/* End PBXNativeTarget section */

/* Begin PBXProject section */
		547A82652BBB5B7500725A77 /* Project object */ = {
			isa = PBXProject;
			attributes = {
				BuildIndependentTargetsInParallel = 1;
				LastSwiftUpdateCheck = 1420;
				LastUpgradeCheck = 1420;
				TargetAttributes = {
					547A826C2BBB5B7500725A77 = {
						CreatedOnToolsVersion = 14.2;
					};
				};
			};
			buildConfigurationList = 547A82682BBB5B7500725A77 /* Build configuration list for PBXProject "Alerts4Devs" */;
			compatibilityVersion = "Xcode 14.0";
			developmentRegion = en;
			hasScannedForEncodings = 0;
			knownRegions = (
				en,
				Base,
			);
			mainGroup = 547A82642BBB5B7500725A77;
			productRefGroup = 547A826E2BBB5B7500725A77 /* Products */;
			projectDirPath = "";
			projectRoot = "";
			targets = (
				547A826C2BBB5B7500725A77 /* Alerts4Devs */,
			);
		};
/* End PBXProject section */

/* Begin PBXResourcesBuildPhase section */
		547A826B2BBB5B7500725A77 /* Resources */ = {
			isa = PBXResourcesBuildPhase;
			buildActionMask = 2147483647;
			files = (
				547A827D2BBB5B7600725A77 /* LaunchScreen.storyboard in Resources */,
				547A827A2BBB5B7600725A77 /* Assets.xcassets in Resources */,
				547A82782BBB5B7500725A77 /* Main.storyboard in Resources */,
			);
			runOnlyForDeploymentPostprocessing = 0;
		};
/* End PBXResourcesBuildPhase section */

/* Begin PBXSourcesBuildPhase section */
		547A82692BBB5B7500725A77 /* Sources */ = {
			isa = PBXSourcesBuildPhase;
			buildActionMask = 2147483647;
			files = (
				547A82752BBB5B7500725A77 /* A4DViewController.swift in Sources */,
				547A82712BBB5B7500725A77 /* AppDelegate.swift in Sources */,
				540EFEF72BBF28FB001DB27E /* A4DCollectionViewCell.swift in Sources */,
				540EFEEE2BBF1616001DB27E /* A4DAnimation.swift in Sources */,
				547A82732BBB5B7500725A77 /* SceneDelegate.swift in Sources */,
				540EFEF52BBF17D3001DB27E /* A4DAnimationButton.swift in Sources */,
			);
			runOnlyForDeploymentPostprocessing = 0;
		};
/* End PBXSourcesBuildPhase section */

/* Begin PBXVariantGroup section */
		547A82762BBB5B7500725A77 /* Main.storyboard */ = {
			isa = PBXVariantGroup;
			children = (
				547A82772BBB5B7500725A77 /* Base */,
			);
			name = Main.storyboard;
			sourceTree = "<group>";
		};
		547A827B2BBB5B7600725A77 /* LaunchScreen.storyboard */ = {
			isa = PBXVariantGroup;
			children = (
				547A827C2BBB5B7600725A77 /* Base */,
			);
			name = LaunchScreen.storyboard;
			sourceTree = "<group>";
		};
/* End PBXVariantGroup section */

/* Begin XCBuildConfiguration section */
		547A827F2BBB5B7600725A77 /* Debug */ = {
			isa = XCBuildConfiguration;
			buildSettings = {
				ALWAYS_SEARCH_USER_PATHS = NO;
				CLANG_ANALYZER_NONNULL = YES;
				CLANG_ANALYZER_NUMBER_OBJECT_CONVERSION = YES_AGGRESSIVE;
				CLANG_CXX_LANGUAGE_STANDARD = "gnu++20";
				CLANG_ENABLE_MODULES = YES;
				CLANG_ENABLE_OBJC_ARC = YES;
				CLANG_ENABLE_OBJC_WEAK = YES;
				CLANG_WARN_BLOCK_CAPTURE_AUTORELEASING = YES;
				CLANG_WARN_BOOL_CONVERSION = YES;
				CLANG_WARN_COMMA = YES;
				CLANG_WARN_CONSTANT_CONVERSION = YES;
				CLANG_WARN_DEPRECATED_OBJC_IMPLEMENTATIONS = YES;
				CLANG_WARN_DIRECT_OBJC_ISA_USAGE = YES_ERROR;
				CLANG_WARN_DOCUMENTATION_COMMENTS = YES;
				CLANG_WARN_EMPTY_BODY = YES;
				CLANG_WARN_ENUM_CONVERSION = YES;
				CLANG_WARN_INFINITE_RECURSION = YES;
				CLANG_WARN_INT_CONVERSION = YES;
				CLANG_WARN_NON_LITERAL_NULL_CONVERSION = YES;
				CLANG_WARN_OBJC_IMPLICIT_RETAIN_SELF = YES;
				CLANG_WARN_OBJC_LITERAL_CONVERSION = YES;
				CLANG_WARN_OBJC_ROOT_CLASS = YES_ERROR;
				CLANG_WARN_QUOTED_INCLUDE_IN_FRAMEWORK_HEADER = YES;
				CLANG_WARN_RANGE_LOOP_ANALYSIS = YES;
				CLANG_WARN_STRICT_PROTOTYPES = YES;
				CLANG_WARN_SUSPICIOUS_MOVE = YES;
				CLANG_WARN_UNGUARDED_AVAILABILITY = YES_AGGRESSIVE;
				CLANG_WARN_UNREACHABLE_CODE = YES;
				CLANG_WARN__DUPLICATE_METHOD_MATCH = YES;
				COPY_PHASE_STRIP = NO;
				DEBUG_INFORMATION_FORMAT = dwarf;
				ENABLE_STRICT_OBJC_MSGSEND = YES;
				ENABLE_TESTABILITY = YES;
				GCC_C_LANGUAGE_STANDARD = gnu11;
				GCC_DYNAMIC_NO_PIC = NO;
				GCC_NO_COMMON_BLOCKS = YES;
				GCC_OPTIMIZATION_LEVEL = 0;
				GCC_PREPROCESSOR_DEFINITIONS = (
					"DEBUG=1",
					"$(inherited)",
				);
				GCC_WARN_64_TO_32_BIT_CONVERSION = YES;
				GCC_WARN_ABOUT_RETURN_TYPE = YES_ERROR;
				GCC_WARN_UNDECLARED_SELECTOR = YES;
				GCC_WARN_UNINITIALIZED_AUTOS = YES_AGGRESSIVE;
				GCC_WARN_UNUSED_FUNCTION = YES;
				GCC_WARN_UNUSED_VARIABLE = YES;
				IPHONEOS_DEPLOYMENT_TARGET = 16.2;
				MTL_ENABLE_DEBUG_INFO = INCLUDE_SOURCE;
				MTL_FAST_MATH = YES;
				ONLY_ACTIVE_ARCH = YES;
				SDKROOT = iphoneos;
				SWIFT_ACTIVE_COMPILATION_CONDITIONS = DEBUG;
				SWIFT_OPTIMIZATION_LEVEL = "-Onone";
			};
			name = Debug;
		};
		547A82802BBB5B7600725A77 /* Release */ = {
			isa = XCBuildConfiguration;
			buildSettings = {
				ALWAYS_SEARCH_USER_PATHS = NO;
				CLANG_ANALYZER_NONNULL = YES;
				CLANG_ANALYZER_NUMBER_OBJECT_CONVERSION = YES_AGGRESSIVE;
				CLANG_CXX_LANGUAGE_STANDARD = "gnu++20";
				CLANG_ENABLE_MODULES = YES;
				CLANG_ENABLE_OBJC_ARC = YES;
				CLANG_ENABLE_OBJC_WEAK = YES;
				CLANG_WARN_BLOCK_CAPTURE_AUTORELEASING = YES;
				CLANG_WARN_BOOL_CONVERSION = YES;
				CLANG_WARN_COMMA = YES;
				CLANG_WARN_CONSTANT_CONVERSION = YES;
				CLANG_WARN_DEPRECATED_OBJC_IMPLEMENTATIONS = YES;
				CLANG_WARN_DIRECT_OBJC_ISA_USAGE = YES_ERROR;
				CLANG_WARN_DOCUMENTATION_COMMENTS = YES;
				CLANG_WARN_EMPTY_BODY = YES;
				CLANG_WARN_ENUM_CONVERSION = YES;
				CLANG_WARN_INFINITE_RECURSION = YES;
				CLANG_WARN_INT_CONVERSION = YES;
				CLANG_WARN_NON_LITERAL_NULL_CONVERSION = YES;
				CLANG_WARN_OBJC_IMPLICIT_RETAIN_SELF = YES;
				CLANG_WARN_OBJC_LITERAL_CONVERSION = YES;
				CLANG_WARN_OBJC_ROOT_CLASS = YES_ERROR;
				CLANG_WARN_QUOTED_INCLUDE_IN_FRAMEWORK_HEADER = YES;
				CLANG_WARN_RANGE_LOOP_ANALYSIS = YES;
				CLANG_WARN_STRICT_PROTOTYPES = YES;
				CLANG_WARN_SUSPICIOUS_MOVE = YES;
				CLANG_WARN_UNGUARDED_AVAILABILITY = YES_AGGRESSIVE;
				CLANG_WARN_UNREACHABLE_CODE = YES;
				CLANG_WARN__DUPLICATE_METHOD_MATCH = YES;
				COPY_PHASE_STRIP = NO;
				DEBUG_INFORMATION_FORMAT = "dwarf-with-dsym";
				ENABLE_NS_ASSERTIONS = NO;
				ENABLE_STRICT_OBJC_MSGSEND = YES;
				GCC_C_LANGUAGE_STANDARD = gnu11;
				GCC_NO_COMMON_BLOCKS = YES;
				GCC_WARN_64_TO_32_BIT_CONVERSION = YES;
				GCC_WARN_ABOUT_RETURN_TYPE = YES_ERROR;
				GCC_WARN_UNDECLARED_SELECTOR = YES;
				GCC_WARN_UNINITIALIZED_AUTOS = YES_AGGRESSIVE;
				GCC_WARN_UNUSED_FUNCTION = YES;
				GCC_WARN_UNUSED_VARIABLE = YES;
				IPHONEOS_DEPLOYMENT_TARGET = 16.2;
				MTL_ENABLE_DEBUG_INFO = NO;
				MTL_FAST_MATH = YES;
				SDKROOT = iphoneos;
				SWIFT_COMPILATION_MODE = wholemodule;
				SWIFT_OPTIMIZATION_LEVEL = "-O";
				VALIDATE_PRODUCT = YES;
			};
			name = Release;
		};
		547A82822BBB5B7600725A77 /* Debug */ = {
			isa = XCBuildConfiguration;
			buildSettings = {
				ASSETCATALOG_COMPILER_APPICON_NAME = AppIcon;
				ASSETCATALOG_COMPILER_GLOBAL_ACCENT_COLOR_NAME = AccentColor;
				CODE_SIGN_STYLE = Automatic;
				CURRENT_PROJECT_VERSION = 1;
				DEVELOPMENT_TEAM = 7X75FNL228;
				GENERATE_INFOPLIST_FILE = YES;
				INFOPLIST_FILE = Alerts4Devs/Info.plist;
				INFOPLIST_KEY_UIApplicationSupportsIndirectInputEvents = YES;
				INFOPLIST_KEY_UILaunchStoryboardName = LaunchScreen;
				INFOPLIST_KEY_UIMainStoryboardFile = Main;
				INFOPLIST_KEY_UISupportedInterfaceOrientations = UIInterfaceOrientationPortrait;
				LD_RUNPATH_SEARCH_PATHS = (
					"$(inherited)",
					"@executable_path/Frameworks",
				);
				MARKETING_VERSION = 1.0;
				PRODUCT_BUNDLE_IDENTIFIER = yanbrunshteyn.Alerts4Devs;
				PRODUCT_NAME = "$(TARGET_NAME)";
				SWIFT_EMIT_LOC_STRINGS = YES;
				SWIFT_VERSION = 5.0;
				TARGETED_DEVICE_FAMILY = "1,2";
			};
			name = Debug;
		};
		547A82832BBB5B7600725A77 /* Release */ = {
			isa = XCBuildConfiguration;
			buildSettings = {
				ASSETCATALOG_COMPILER_APPICON_NAME = AppIcon;
				ASSETCATALOG_COMPILER_GLOBAL_ACCENT_COLOR_NAME = AccentColor;
				CODE_SIGN_STYLE = Automatic;
				CURRENT_PROJECT_VERSION = 1;
				DEVELOPMENT_TEAM = 7X75FNL228;
				GENERATE_INFOPLIST_FILE = YES;
				INFOPLIST_FILE = Alerts4Devs/Info.plist;
				INFOPLIST_KEY_UIApplicationSupportsIndirectInputEvents = YES;
				INFOPLIST_KEY_UILaunchStoryboardName = LaunchScreen;
				INFOPLIST_KEY_UIMainStoryboardFile = Main;
				INFOPLIST_KEY_UISupportedInterfaceOrientations = UIInterfaceOrientationPortrait;
				LD_RUNPATH_SEARCH_PATHS = (
					"$(inherited)",
					"@executable_path/Frameworks",
				);
				MARKETING_VERSION = 1.0;
				PRODUCT_BUNDLE_IDENTIFIER = yanbrunshteyn.Alerts4Devs;
				PRODUCT_NAME = "$(TARGET_NAME)";
				SWIFT_EMIT_LOC_STRINGS = YES;
				SWIFT_VERSION = 5.0;
				TARGETED_DEVICE_FAMILY = "1,2";
			};
			name = Release;
		};
/* End XCBuildConfiguration section */

/* Begin XCConfigurationList section */
		547A82682BBB5B7500725A77 /* Build configuration list for PBXProject "Alerts4Devs" */ = {
			isa = XCConfigurationList;
			buildConfigurations = (
				547A827F2BBB5B7600725A77 /* Debug */,
				547A82802BBB5B7600725A77 /* Release */,
			);
			defaultConfigurationIsVisible = 0;
			defaultConfigurationName = Release;
		};
		547A82812BBB5B7600725A77 /* Build configuration list for PBXNativeTarget "Alerts4Devs" */ = {
			isa = XCConfigurationList;
			buildConfigurations = (
				547A82822BBB5B7600725A77 /* Debug */,
				547A82832BBB5B7600725A77 /* Release */,
			);
			defaultConfigurationIsVisible = 0;
			defaultConfigurationName = Release;
		};
/* End XCConfigurationList section */
	};
	rootObject = 547A82652BBB5B7500725A77 /* Project object */;
}
