// !$*UTF8*$!
{
	archiveVersion = 1;
	classes = {
	};
	objectVersion = 56;
	objects = {

/* Begin PBXBuildFile section */
		84B3BF612BF2DAE50094A661 /* AppDelegate.swift in Sources */ = {isa = PBXBuildFile; fileRef = 84B3BF602BF2DAE50094A661 /* AppDelegate.swift */; };
		84B3BF632BF2DAE50094A661 /* SceneDelegate.swift in Sources */ = {isa = PBXBuildFile; fileRef = 84B3BF622BF2DAE50094A661 /* SceneDelegate.swift */; };
		84B3BF652BF2DAE50094A661 /* ViewController.swift in Sources */ = {isa = PBXBuildFile; fileRef = 84B3BF642BF2DAE50094A661 /* ViewController.swift */; };
		84B3BF682BF2DAE50094A661 /* Base in Resources */ = {isa = PBXBuildFile; fileRef = 84B3BF672BF2DAE50094A661 /* Base */; };
		84B3BF6B2BF2DAE50094A661 /* CoreDataDemo.xcdatamodeld in Sources */ = {isa = PBXBuildFile; fileRef = 84B3BF692BF2DAE50094A661 /* CoreDataDemo.xcdatamodeld */; };
		84B3BF6D2BF2DAE60094A661 /* Assets.xcassets in Resources */ = {isa = PBXBuildFile; fileRef = 84B3BF6C2BF2DAE60094A661 /* Assets.xcassets */; };
		84B3BF702BF2DAE60094A661 /* Base in Resources */ = {isa = PBXBuildFile; fileRef = 84B3BF6F2BF2DAE60094A661 /* Base */; };
		84B3BF7B2BF2DAE60094A661 /* CoreDataDemoTests.swift in Sources */ = {isa = PBXBuildFile; fileRef = 84B3BF7A2BF2DAE60094A661 /* CoreDataDemoTests.swift */; };
		84B3BF852BF2DAE60094A661 /* CoreDataDemoUITests.swift in Sources */ = {isa = PBXBuildFile; fileRef = 84B3BF842BF2DAE60094A661 /* CoreDataDemoUITests.swift */; };
		84B3BF872BF2DAE60094A661 /* CoreDataDemoUITestsLaunchTests.swift in Sources */ = {isa = PBXBuildFile; fileRef = 84B3BF862BF2DAE60094A661 /* CoreDataDemoUITestsLaunchTests.swift */; };
		84B3BF952BF2E0F60094A661 /* Person+CoreDataClass.swift in Sources */ = {isa = PBXBuildFile; fileRef = 84B3BF932BF2E0F60094A661 /* Person+CoreDataClass.swift */; };
		84B3BF9D2BF2E6CB0094A661 /* Person+CoreDataProperties.swift in Sources */ = {isa = PBXBuildFile; fileRef = 84B3BF9C2BF2E6CB0094A661 /* Person+CoreDataProperties.swift */; };
/* End PBXBuildFile section */

/* Begin PBXContainerItemProxy section */
		84B3BF772BF2DAE60094A661 /* PBXContainerItemProxy */ = {
			isa = PBXContainerItemProxy;
			containerPortal = 84B3BF552BF2DAE50094A661 /* Project object */;
			proxyType = 1;
			remoteGlobalIDString = 84B3BF5C2BF2DAE50094A661;
			remoteInfo = CoreDataDemo;
		};
		84B3BF812BF2DAE60094A661 /* PBXContainerItemProxy */ = {
			isa = PBXContainerItemProxy;
			containerPortal = 84B3BF552BF2DAE50094A661 /* Project object */;
			proxyType = 1;
			remoteGlobalIDString = 84B3BF5C2BF2DAE50094A661;
			remoteInfo = CoreDataDemo;
		};
/* End PBXContainerItemProxy section */

/* Begin PBXFileReference section */
		84B3BF5D2BF2DAE50094A661 /* CoreDataDemo.app */ = {isa = PBXFileReference; explicitFileType = wrapper.application; includeInIndex = 0; path = CoreDataDemo.app; sourceTree = BUILT_PRODUCTS_DIR; };
		84B3BF602BF2DAE50094A661 /* AppDelegate.swift */ = {isa = PBXFileReference; lastKnownFileType = sourcecode.swift; path = AppDelegate.swift; sourceTree = "<group>"; };
		84B3BF622BF2DAE50094A661 /* SceneDelegate.swift */ = {isa = PBXFileReference; lastKnownFileType = sourcecode.swift; path = SceneDelegate.swift; sourceTree = "<group>"; };
		84B3BF642BF2DAE50094A661 /* ViewController.swift */ = {isa = PBXFileReference; lastKnownFileType = sourcecode.swift; path = ViewController.swift; sourceTree = "<group>"; };
		84B3BF672BF2DAE50094A661 /* Base */ = {isa = PBXFileReference; lastKnownFileType = file.storyboard; name = Base; path = Base.lproj/Main.storyboard; sourceTree = "<group>"; };
		84B3BF6A2BF2DAE50094A661 /* CoreDataDemo.xcdatamodel */ = {isa = PBXFileReference; lastKnownFileType = wrapper.xcdatamodel; path = CoreDataDemo.xcdatamodel; sourceTree = "<group>"; };
		84B3BF6C2BF2DAE60094A661 /* Assets.xcassets */ = {isa = PBXFileReference; lastKnownFileType = folder.assetcatalog; path = Assets.xcassets; sourceTree = "<group>"; };
		84B3BF6F2BF2DAE60094A661 /* Base */ = {isa = PBXFileReference; lastKnownFileType = file.storyboard; name = Base; path = Base.lproj/LaunchScreen.storyboard; sourceTree = "<group>"; };
		84B3BF712BF2DAE60094A661 /* Info.plist */ = {isa = PBXFileReference; lastKnownFileType = text.plist.xml; path = Info.plist; sourceTree = "<group>"; };
		84B3BF762BF2DAE60094A661 /* CoreDataDemoTests.xctest */ = {isa = PBXFileReference; explicitFileType = wrapper.cfbundle; includeInIndex = 0; path = CoreDataDemoTests.xctest; sourceTree = BUILT_PRODUCTS_DIR; };
		84B3BF7A2BF2DAE60094A661 /* CoreDataDemoTests.swift */ = {isa = PBXFileReference; lastKnownFileType = sourcecode.swift; path = CoreDataDemoTests.swift; sourceTree = "<group>"; };
		84B3BF802BF2DAE60094A661 /* CoreDataDemoUITests.xctest */ = {isa = PBXFileReference; explicitFileType = wrapper.cfbundle; includeInIndex = 0; path = CoreDataDemoUITests.xctest; sourceTree = BUILT_PRODUCTS_DIR; };
		84B3BF842BF2DAE60094A661 /* CoreDataDemoUITests.swift */ = {isa = PBXFileReference; lastKnownFileType = sourcecode.swift; path = CoreDataDemoUITests.swift; sourceTree = "<group>"; };
		84B3BF862BF2DAE60094A661 /* CoreDataDemoUITestsLaunchTests.swift */ = {isa = PBXFileReference; lastKnownFileType = sourcecode.swift; path = CoreDataDemoUITestsLaunchTests.swift; sourceTree = "<group>"; };
		84B3BF932BF2E0F60094A661 /* Person+CoreDataClass.swift */ = {isa = PBXFileReference; lastKnownFileType = sourcecode.swift; path = "Person+CoreDataClass.swift"; sourceTree = "<group>"; };
		84B3BF9C2BF2E6CB0094A661 /* Person+CoreDataProperties.swift */ = {isa = PBXFileReference; lastKnownFileType = sourcecode.swift; path = "Person+CoreDataProperties.swift"; sourceTree = "<group>"; };
/* End PBXFileReference section */

/* Begin PBXFrameworksBuildPhase section */
		84B3BF5A2BF2DAE50094A661 /* Frameworks */ = {
			isa = PBXFrameworksBuildPhase;
			buildActionMask = 2147483647;
			files = (
			);
			runOnlyForDeploymentPostprocessing = 0;
		};
		84B3BF732BF2DAE60094A661 /* Frameworks */ = {
			isa = PBXFrameworksBuildPhase;
			buildActionMask = 2147483647;
			files = (
			);
			runOnlyForDeploymentPostprocessing = 0;
		};
		84B3BF7D2BF2DAE60094A661 /* Frameworks */ = {
			isa = PBXFrameworksBuildPhase;
			buildActionMask = 2147483647;
			files = (
			);
			runOnlyForDeploymentPostprocessing = 0;
		};
/* End PBXFrameworksBuildPhase section */

/* Begin PBXGroup section */
		84B3BF542BF2DAE50094A661 = {
			isa = PBXGroup;
			children = (
				84B3BF5F2BF2DAE50094A661 /* CoreDataDemo */,
				84B3BF792BF2DAE60094A661 /* CoreDataDemoTests */,
				84B3BF832BF2DAE60094A661 /* CoreDataDemoUITests */,
				84B3BF5E2BF2DAE50094A661 /* Products */,
			);
			sourceTree = "<group>";
		};
		84B3BF5E2BF2DAE50094A661 /* Products */ = {
			isa = PBXGroup;
			children = (
				84B3BF5D2BF2DAE50094A661 /* CoreDataDemo.app */,
				84B3BF762BF2DAE60094A661 /* CoreDataDemoTests.xctest */,
				84B3BF802BF2DAE60094A661 /* CoreDataDemoUITests.xctest */,
			);
			name = Products;
			sourceTree = "<group>";
		};
		84B3BF5F2BF2DAE50094A661 /* CoreDataDemo */ = {
			isa = PBXGroup;
			children = (
				84B3BF972BF2E10D0094A661 /* Model */,
				84B3BF602BF2DAE50094A661 /* AppDelegate.swift */,
				84B3BF622BF2DAE50094A661 /* SceneDelegate.swift */,
				84B3BF642BF2DAE50094A661 /* ViewController.swift */,
				84B3BF662BF2DAE50094A661 /* Main.storyboard */,
				84B3BF6C2BF2DAE60094A661 /* Assets.xcassets */,
				84B3BF6E2BF2DAE60094A661 /* LaunchScreen.storyboard */,
				84B3BF712BF2DAE60094A661 /* Info.plist */,
				84B3BF692BF2DAE50094A661 /* CoreDataDemo.xcdatamodeld */,
			);
			path = CoreDataDemo;
			sourceTree = "<group>";
		};
		84B3BF792BF2DAE60094A661 /* CoreDataDemoTests */ = {
			isa = PBXGroup;
			children = (
				84B3BF7A2BF2DAE60094A661 /* CoreDataDemoTests.swift */,
			);
			path = CoreDataDemoTests;
			sourceTree = "<group>";
		};
		84B3BF832BF2DAE60094A661 /* CoreDataDemoUITests */ = {
			isa = PBXGroup;
			children = (
				84B3BF842BF2DAE60094A661 /* CoreDataDemoUITests.swift */,
				84B3BF862BF2DAE60094A661 /* CoreDataDemoUITestsLaunchTests.swift */,
			);
			path = CoreDataDemoUITests;
			sourceTree = "<group>";
		};
		84B3BF972BF2E10D0094A661 /* Model */ = {
			isa = PBXGroup;
			children = (
				84B3BF9C2BF2E6CB0094A661 /* Person+CoreDataProperties.swift */,
				84B3BF932BF2E0F60094A661 /* Person+CoreDataClass.swift */,
			);
			path = Model;
			sourceTree = "<group>";
		};
/* End PBXGroup section */

/* Begin PBXNativeTarget section */
		84B3BF5C2BF2DAE50094A661 /* CoreDataDemo */ = {
			isa = PBXNativeTarget;
			buildConfigurationList = 84B3BF8A2BF2DAE60094A661 /* Build configuration list for PBXNativeTarget "CoreDataDemo" */;
			buildPhases = (
				84B3BF592BF2DAE50094A661 /* Sources */,
				84B3BF5A2BF2DAE50094A661 /* Frameworks */,
				84B3BF5B2BF2DAE50094A661 /* Resources */,
			);
			buildRules = (
			);
			dependencies = (
			);
			name = CoreDataDemo;
			productName = CoreDataDemo;
			productReference = 84B3BF5D2BF2DAE50094A661 /* CoreDataDemo.app */;
			productType = "com.apple.product-type.application";
		};
		84B3BF752BF2DAE60094A661 /* CoreDataDemoTests */ = {
			isa = PBXNativeTarget;
			buildConfigurationList = 84B3BF8D2BF2DAE60094A661 /* Build configuration list for PBXNativeTarget "CoreDataDemoTests" */;
			buildPhases = (
				84B3BF722BF2DAE60094A661 /* Sources */,
				84B3BF732BF2DAE60094A661 /* Frameworks */,
				84B3BF742BF2DAE60094A661 /* Resources */,
			);
			buildRules = (
			);
			dependencies = (
				84B3BF782BF2DAE60094A661 /* PBXTargetDependency */,
			);
			name = CoreDataDemoTests;
			productName = CoreDataDemoTests;
			productReference = 84B3BF762BF2DAE60094A661 /* CoreDataDemoTests.xctest */;
			productType = "com.apple.product-type.bundle.unit-test";
		};
		84B3BF7F2BF2DAE60094A661 /* CoreDataDemoUITests */ = {
			isa = PBXNativeTarget;
			buildConfigurationList = 84B3BF902BF2DAE60094A661 /* Build configuration list for PBXNativeTarget "CoreDataDemoUITests" */;
			buildPhases = (
				84B3BF7C2BF2DAE60094A661 /* Sources */,
				84B3BF7D2BF2DAE60094A661 /* Frameworks */,
				84B3BF7E2BF2DAE60094A661 /* Resources */,
			);
			buildRules = (
			);
			dependencies = (
				84B3BF822BF2DAE60094A661 /* PBXTargetDependency */,
			);
			name = CoreDataDemoUITests;
			productName = CoreDataDemoUITests;
			productReference = 84B3BF802BF2DAE60094A661 /* CoreDataDemoUITests.xctest */;
			productType = "com.apple.product-type.bundle.ui-testing";
		};
/* End PBXNativeTarget section */

/* Begin PBXProject section */
		84B3BF552BF2DAE50094A661 /* Project object */ = {
			isa = PBXProject;
			attributes = {
				BuildIndependentTargetsInParallel = 1;
				LastSwiftUpdateCheck = 1530;
				LastUpgradeCheck = 1530;
				TargetAttributes = {
					84B3BF5C2BF2DAE50094A661 = {
						CreatedOnToolsVersion = 15.3;
					};
					84B3BF752BF2DAE60094A661 = {
						CreatedOnToolsVersion = 15.3;
						TestTargetID = 84B3BF5C2BF2DAE50094A661;
					};
					84B3BF7F2BF2DAE60094A661 = {
						CreatedOnToolsVersion = 15.3;
						TestTargetID = 84B3BF5C2BF2DAE50094A661;
					};
				};
			};
			buildConfigurationList = 84B3BF582BF2DAE50094A661 /* Build configuration list for PBXProject "CoreDataDemo" */;
			compatibilityVersion = "Xcode 14.0";
			developmentRegion = en;
			hasScannedForEncodings = 0;
			knownRegions = (
				en,
				Base,
			);
			mainGroup = 84B3BF542BF2DAE50094A661;
			productRefGroup = 84B3BF5E2BF2DAE50094A661 /* Products */;
			projectDirPath = "";
			projectRoot = "";
			targets = (
				84B3BF5C2BF2DAE50094A661 /* CoreDataDemo */,
				84B3BF752BF2DAE60094A661 /* CoreDataDemoTests */,
				84B3BF7F2BF2DAE60094A661 /* CoreDataDemoUITests */,
			);
		};
/* End PBXProject section */

/* Begin PBXResourcesBuildPhase section */
		84B3BF5B2BF2DAE50094A661 /* Resources */ = {
			isa = PBXResourcesBuildPhase;
			buildActionMask = 2147483647;
			files = (
				84B3BF6D2BF2DAE60094A661 /* Assets.xcassets in Resources */,
				84B3BF702BF2DAE60094A661 /* Base in Resources */,
				84B3BF682BF2DAE50094A661 /* Base in Resources */,
			);
			runOnlyForDeploymentPostprocessing = 0;
		};
		84B3BF742BF2DAE60094A661 /* Resources */ = {
			isa = PBXResourcesBuildPhase;
			buildActionMask = 2147483647;
			files = (
			);
			runOnlyForDeploymentPostprocessing = 0;
		};
		84B3BF7E2BF2DAE60094A661 /* Resources */ = {
			isa = PBXResourcesBuildPhase;
			buildActionMask = 2147483647;
			files = (
			);
			runOnlyForDeploymentPostprocessing = 0;
		};
/* End PBXResourcesBuildPhase section */

/* Begin PBXSourcesBuildPhase section */
		84B3BF592BF2DAE50094A661 /* Sources */ = {
			isa = PBXSourcesBuildPhase;
			buildActionMask = 2147483647;
			files = (
				84B3BF652BF2DAE50094A661 /* ViewController.swift in Sources */,
				84B3BF6B2BF2DAE50094A661 /* CoreDataDemo.xcdatamodeld in Sources */,
				84B3BF9D2BF2E6CB0094A661 /* Person+CoreDataProperties.swift in Sources */,
				84B3BF952BF2E0F60094A661 /* Person+CoreDataClass.swift in Sources */,
				84B3BF612BF2DAE50094A661 /* AppDelegate.swift in Sources */,
				84B3BF632BF2DAE50094A661 /* SceneDelegate.swift in Sources */,
			);
			runOnlyForDeploymentPostprocessing = 0;
		};
		84B3BF722BF2DAE60094A661 /* Sources */ = {
			isa = PBXSourcesBuildPhase;
			buildActionMask = 2147483647;
			files = (
				84B3BF7B2BF2DAE60094A661 /* CoreDataDemoTests.swift in Sources */,
			);
			runOnlyForDeploymentPostprocessing = 0;
		};
		84B3BF7C2BF2DAE60094A661 /* Sources */ = {
			isa = PBXSourcesBuildPhase;
			buildActionMask = 2147483647;
			files = (
				84B3BF872BF2DAE60094A661 /* CoreDataDemoUITestsLaunchTests.swift in Sources */,
				84B3BF852BF2DAE60094A661 /* CoreDataDemoUITests.swift in Sources */,
			);
			runOnlyForDeploymentPostprocessing = 0;
		};
/* End PBXSourcesBuildPhase section */

/* Begin PBXTargetDependency section */
		84B3BF782BF2DAE60094A661 /* PBXTargetDependency */ = {
			isa = PBXTargetDependency;
			target = 84B3BF5C2BF2DAE50094A661 /* CoreDataDemo */;
			targetProxy = 84B3BF772BF2DAE60094A661 /* PBXContainerItemProxy */;
		};
		84B3BF822BF2DAE60094A661 /* PBXTargetDependency */ = {
			isa = PBXTargetDependency;
			target = 84B3BF5C2BF2DAE50094A661 /* CoreDataDemo */;
			targetProxy = 84B3BF812BF2DAE60094A661 /* PBXContainerItemProxy */;
		};
/* End PBXTargetDependency section */

/* Begin PBXVariantGroup section */
		84B3BF662BF2DAE50094A661 /* Main.storyboard */ = {
			isa = PBXVariantGroup;
			children = (
				84B3BF672BF2DAE50094A661 /* Base */,
			);
			name = Main.storyboard;
			sourceTree = "<group>";
		};
		84B3BF6E2BF2DAE60094A661 /* LaunchScreen.storyboard */ = {
			isa = PBXVariantGroup;
			children = (
				84B3BF6F2BF2DAE60094A661 /* Base */,
			);
			name = LaunchScreen.storyboard;
			sourceTree = "<group>";
		};
/* End PBXVariantGroup section */

/* Begin XCBuildConfiguration section */
		84B3BF882BF2DAE60094A661 /* Debug */ = {
			isa = XCBuildConfiguration;
			buildSettings = {
				ALWAYS_SEARCH_USER_PATHS = NO;
				ASSETCATALOG_COMPILER_GENERATE_SWIFT_ASSET_SYMBOL_EXTENSIONS = YES;
				CLANG_ANALYZER_NONNULL = YES;
				CLANG_ANALYZER_NUMBER_OBJECT_CONVERSION = YES_AGGRESSIVE;
				CLANG_CXX_LANGUAGE_STANDARD = "gnu++20";
				CLANG_ENABLE_MODULES = YES;
				CLANG_ENABLE_OBJC_ARC = YES;
				CLANG_ENABLE_OBJC_WEAK = YES;
				CLANG_WARN_BLOCK_CAPTURE_AUTORELEASING = YES;
				CLANG_WARN_BOOL_CONVERSION = YES;
				CLANG_WARN_COMMA = YES;
				CLANG_WARN_CONSTANT_CONVERSION = YES;
				CLANG_WARN_DEPRECATED_OBJC_IMPLEMENTATIONS = YES;
				CLANG_WARN_DIRECT_OBJC_ISA_USAGE = YES_ERROR;
				CLANG_WARN_DOCUMENTATION_COMMENTS = YES;
				CLANG_WARN_EMPTY_BODY = YES;
				CLANG_WARN_ENUM_CONVERSION = YES;
				CLANG_WARN_INFINITE_RECURSION = YES;
				CLANG_WARN_INT_CONVERSION = YES;
				CLANG_WARN_NON_LITERAL_NULL_CONVERSION = YES;
				CLANG_WARN_OBJC_IMPLICIT_RETAIN_SELF = YES;
				CLANG_WARN_OBJC_LITERAL_CONVERSION = YES;
				CLANG_WARN_OBJC_ROOT_CLASS = YES_ERROR;
				CLANG_WARN_QUOTED_INCLUDE_IN_FRAMEWORK_HEADER = YES;
				CLANG_WARN_RANGE_LOOP_ANALYSIS = YES;
				CLANG_WARN_STRICT_PROTOTYPES = YES;
				CLANG_WARN_SUSPICIOUS_MOVE = YES;
				CLANG_WARN_UNGUARDED_AVAILABILITY = YES_AGGRESSIVE;
				CLANG_WARN_UNREACHABLE_CODE = YES;
				CLANG_WARN__DUPLICATE_METHOD_MATCH = YES;
				COPY_PHASE_STRIP = NO;
				DEBUG_INFORMATION_FORMAT = dwarf;
				ENABLE_STRICT_OBJC_MSGSEND = YES;
				ENABLE_TESTABILITY = YES;
				ENABLE_USER_SCRIPT_SANDBOXING = YES;
				GCC_C_LANGUAGE_STANDARD = gnu17;
				GCC_DYNAMIC_NO_PIC = NO;
				GCC_NO_COMMON_BLOCKS = YES;
				GCC_OPTIMIZATION_LEVEL = 0;
				GCC_PREPROCESSOR_DEFINITIONS = (
					"DEBUG=1",
					"$(inherited)",
				);
				GCC_WARN_64_TO_32_BIT_CONVERSION = YES;
				GCC_WARN_ABOUT_RETURN_TYPE = YES_ERROR;
				GCC_WARN_UNDECLARED_SELECTOR = YES;
				GCC_WARN_UNINITIALIZED_AUTOS = YES_AGGRESSIVE;
				GCC_WARN_UNUSED_FUNCTION = YES;
				GCC_WARN_UNUSED_VARIABLE = YES;
				IPHONEOS_DEPLOYMENT_TARGET = 17.4;
				LOCALIZATION_PREFERS_STRING_CATALOGS = YES;
				MTL_ENABLE_DEBUG_INFO = INCLUDE_SOURCE;
				MTL_FAST_MATH = YES;
				ONLY_ACTIVE_ARCH = YES;
				SDKROOT = iphoneos;
				SWIFT_ACTIVE_COMPILATION_CONDITIONS = "DEBUG $(inherited)";
				SWIFT_OPTIMIZATION_LEVEL = "-Onone";
			};
			name = Debug;
		};
		84B3BF892BF2DAE60094A661 /* Release */ = {
			isa = XCBuildConfiguration;
			buildSettings = {
				ALWAYS_SEARCH_USER_PATHS = NO;
				ASSETCATALOG_COMPILER_GENERATE_SWIFT_ASSET_SYMBOL_EXTENSIONS = YES;
				CLANG_ANALYZER_NONNULL = YES;
				CLANG_ANALYZER_NUMBER_OBJECT_CONVERSION = YES_AGGRESSIVE;
				CLANG_CXX_LANGUAGE_STANDARD = "gnu++20";
				CLANG_ENABLE_MODULES = YES;
				CLANG_ENABLE_OBJC_ARC = YES;
				CLANG_ENABLE_OBJC_WEAK = YES;
				CLANG_WARN_BLOCK_CAPTURE_AUTORELEASING = YES;
				CLANG_WARN_BOOL_CONVERSION = YES;
				CLANG_WARN_COMMA = YES;
				CLANG_WARN_CONSTANT_CONVERSION = YES;
				CLANG_WARN_DEPRECATED_OBJC_IMPLEMENTATIONS = YES;
				CLANG_WARN_DIRECT_OBJC_ISA_USAGE = YES_ERROR;
				CLANG_WARN_DOCUMENTATION_COMMENTS = YES;
				CLANG_WARN_EMPTY_BODY = YES;
				CLANG_WARN_ENUM_CONVERSION = YES;
				CLANG_WARN_INFINITE_RECURSION = YES;
				CLANG_WARN_INT_CONVERSION = YES;
				CLANG_WARN_NON_LITERAL_NULL_CONVERSION = YES;
				CLANG_WARN_OBJC_IMPLICIT_RETAIN_SELF = YES;
				CLANG_WARN_OBJC_LITERAL_CONVERSION = YES;
				CLANG_WARN_OBJC_ROOT_CLASS = YES_ERROR;
				CLANG_WARN_QUOTED_INCLUDE_IN_FRAMEWORK_HEADER = YES;
				CLANG_WARN_RANGE_LOOP_ANALYSIS = YES;
				CLANG_WARN_STRICT_PROTOTYPES = YES;
				CLANG_WARN_SUSPICIOUS_MOVE = YES;
				CLANG_WARN_UNGUARDED_AVAILABILITY = YES_AGGRESSIVE;
				CLANG_WARN_UNREACHABLE_CODE = YES;
				CLANG_WARN__DUPLICATE_METHOD_MATCH = YES;
				COPY_PHASE_STRIP = NO;
				DEBUG_INFORMATION_FORMAT = "dwarf-with-dsym";
				ENABLE_NS_ASSERTIONS = NO;
				ENABLE_STRICT_OBJC_MSGSEND = YES;
				ENABLE_USER_SCRIPT_SANDBOXING = YES;
				GCC_C_LANGUAGE_STANDARD = gnu17;
				GCC_NO_COMMON_BLOCKS = YES;
				GCC_WARN_64_TO_32_BIT_CONVERSION = YES;
				GCC_WARN_ABOUT_RETURN_TYPE = YES_ERROR;
				GCC_WARN_UNDECLARED_SELECTOR = YES;
				GCC_WARN_UNINITIALIZED_AUTOS = YES_AGGRESSIVE;
				GCC_WARN_UNUSED_FUNCTION = YES;
				GCC_WARN_UNUSED_VARIABLE = YES;
				IPHONEOS_DEPLOYMENT_TARGET = 17.4;
				LOCALIZATION_PREFERS_STRING_CATALOGS = YES;
				MTL_ENABLE_DEBUG_INFO = NO;
				MTL_FAST_MATH = YES;
				SDKROOT = iphoneos;
				SWIFT_COMPILATION_MODE = wholemodule;
				VALIDATE_PRODUCT = YES;
			};
			name = Release;
		};
		84B3BF8B2BF2DAE60094A661 /* Debug */ = {
			isa = XCBuildConfiguration;
			buildSettings = {
				ASSETCATALOG_COMPILER_APPICON_NAME = AppIcon;
				ASSETCATALOG_COMPILER_GLOBAL_ACCENT_COLOR_NAME = AccentColor;
				CODE_SIGN_STYLE = Automatic;
				CURRENT_PROJECT_VERSION = 1;
				DEVELOPMENT_TEAM = 7X75FNL228;
				GENERATE_INFOPLIST_FILE = YES;
				INFOPLIST_FILE = CoreDataDemo/Info.plist;
				INFOPLIST_KEY_UIApplicationSupportsIndirectInputEvents = YES;
				INFOPLIST_KEY_UILaunchStoryboardName = LaunchScreen;
				INFOPLIST_KEY_UIMainStoryboardFile = Main;
				INFOPLIST_KEY_UISupportedInterfaceOrientations_iPad = "UIInterfaceOrientationPortrait UIInterfaceOrientationPortraitUpsideDown UIInterfaceOrientationLandscapeLeft UIInterfaceOrientationLandscapeRight";
				INFOPLIST_KEY_UISupportedInterfaceOrientations_iPhone = "UIInterfaceOrientationPortrait UIInterfaceOrientationLandscapeLeft UIInterfaceOrientationLandscapeRight";
				LD_RUNPATH_SEARCH_PATHS = (
					"$(inherited)",
					"@executable_path/Frameworks",
				);
				MARKETING_VERSION = 1.0;
				PRODUCT_BUNDLE_IDENTIFIER = com.yanbrunshteyn.CoreDataDemo;
				PRODUCT_NAME = "$(TARGET_NAME)";
				SWIFT_EMIT_LOC_STRINGS = YES;
				SWIFT_VERSION = 5.0;
				TARGETED_DEVICE_FAMILY = "1,2";
			};
			name = Debug;
		};
		84B3BF8C2BF2DAE60094A661 /* Release */ = {
			isa = XCBuildConfiguration;
			buildSettings = {
				ASSETCATALOG_COMPILER_APPICON_NAME = AppIcon;
				ASSETCATALOG_COMPILER_GLOBAL_ACCENT_COLOR_NAME = AccentColor;
				CODE_SIGN_STYLE = Automatic;
				CURRENT_PROJECT_VERSION = 1;
				DEVELOPMENT_TEAM = 7X75FNL228;
				GENERATE_INFOPLIST_FILE = YES;
				INFOPLIST_FILE = CoreDataDemo/Info.plist;
				INFOPLIST_KEY_UIApplicationSupportsIndirectInputEvents = YES;
				INFOPLIST_KEY_UILaunchStoryboardName = LaunchScreen;
				INFOPLIST_KEY_UIMainStoryboardFile = Main;
				INFOPLIST_KEY_UISupportedInterfaceOrientations_iPad = "UIInterfaceOrientationPortrait UIInterfaceOrientationPortraitUpsideDown UIInterfaceOrientationLandscapeLeft UIInterfaceOrientationLandscapeRight";
				INFOPLIST_KEY_UISupportedInterfaceOrientations_iPhone = "UIInterfaceOrientationPortrait UIInterfaceOrientationLandscapeLeft UIInterfaceOrientationLandscapeRight";
				LD_RUNPATH_SEARCH_PATHS = (
					"$(inherited)",
					"@executable_path/Frameworks",
				);
				MARKETING_VERSION = 1.0;
				PRODUCT_BUNDLE_IDENTIFIER = com.yanbrunshteyn.CoreDataDemo;
				PRODUCT_NAME = "$(TARGET_NAME)";
				SWIFT_EMIT_LOC_STRINGS = YES;
				SWIFT_VERSION = 5.0;
				TARGETED_DEVICE_FAMILY = "1,2";
			};
			name = Release;
		};
		84B3BF8E2BF2DAE60094A661 /* Debug */ = {
			isa = XCBuildConfiguration;
			buildSettings = {
				ALWAYS_EMBED_SWIFT_STANDARD_LIBRARIES = YES;
				BUNDLE_LOADER = "$(TEST_HOST)";
				CODE_SIGN_STYLE = Automatic;
				CURRENT_PROJECT_VERSION = 1;
				DEVELOPMENT_TEAM = 7X75FNL228;
				GENERATE_INFOPLIST_FILE = YES;
				IPHONEOS_DEPLOYMENT_TARGET = 17.4;
				MARKETING_VERSION = 1.0;
				PRODUCT_BUNDLE_IDENTIFIER = com.yanbrunshteyn.CoreDataDemoTests;
				PRODUCT_NAME = "$(TARGET_NAME)";
				SWIFT_EMIT_LOC_STRINGS = NO;
				SWIFT_VERSION = 5.0;
				TARGETED_DEVICE_FAMILY = "1,2";
				TEST_HOST = "$(BUILT_PRODUCTS_DIR)/CoreDataDemo.app/$(BUNDLE_EXECUTABLE_FOLDER_PATH)/CoreDataDemo";
			};
			name = Debug;
		};
		84B3BF8F2BF2DAE60094A661 /* Release */ = {
			isa = XCBuildConfiguration;
			buildSettings = {
				ALWAYS_EMBED_SWIFT_STANDARD_LIBRARIES = YES;
				BUNDLE_LOADER = "$(TEST_HOST)";
				CODE_SIGN_STYLE = Automatic;
				CURRENT_PROJECT_VERSION = 1;
				DEVELOPMENT_TEAM = 7X75FNL228;
				GENERATE_INFOPLIST_FILE = YES;
				IPHONEOS_DEPLOYMENT_TARGET = 17.4;
				MARKETING_VERSION = 1.0;
				PRODUCT_BUNDLE_IDENTIFIER = com.yanbrunshteyn.CoreDataDemoTests;
				PRODUCT_NAME = "$(TARGET_NAME)";
				SWIFT_EMIT_LOC_STRINGS = NO;
				SWIFT_VERSION = 5.0;
				TARGETED_DEVICE_FAMILY = "1,2";
				TEST_HOST = "$(BUILT_PRODUCTS_DIR)/CoreDataDemo.app/$(BUNDLE_EXECUTABLE_FOLDER_PATH)/CoreDataDemo";
			};
			name = Release;
		};
		84B3BF912BF2DAE60094A661 /* Debug */ = {
			isa = XCBuildConfiguration;
			buildSettings = {
				ALWAYS_EMBED_SWIFT_STANDARD_LIBRARIES = YES;
				CODE_SIGN_STYLE = Automatic;
				CURRENT_PROJECT_VERSION = 1;
				DEVELOPMENT_TEAM = 7X75FNL228;
				GENERATE_INFOPLIST_FILE = YES;
				MARKETING_VERSION = 1.0;
				PRODUCT_BUNDLE_IDENTIFIER = com.yanbrunshteyn.CoreDataDemoUITests;
				PRODUCT_NAME = "$(TARGET_NAME)";
				SWIFT_EMIT_LOC_STRINGS = NO;
				SWIFT_VERSION = 5.0;
				TARGETED_DEVICE_FAMILY = "1,2";
				TEST_TARGET_NAME = CoreDataDemo;
			};
			name = Debug;
		};
		84B3BF922BF2DAE60094A661 /* Release */ = {
			isa = XCBuildConfiguration;
			buildSettings = {
				ALWAYS_EMBED_SWIFT_STANDARD_LIBRARIES = YES;
				CODE_SIGN_STYLE = Automatic;
				CURRENT_PROJECT_VERSION = 1;
				DEVELOPMENT_TEAM = 7X75FNL228;
				GENERATE_INFOPLIST_FILE = YES;
				MARKETING_VERSION = 1.0;
				PRODUCT_BUNDLE_IDENTIFIER = com.yanbrunshteyn.CoreDataDemoUITests;
				PRODUCT_NAME = "$(TARGET_NAME)";
				SWIFT_EMIT_LOC_STRINGS = NO;
				SWIFT_VERSION = 5.0;
				TARGETED_DEVICE_FAMILY = "1,2";
				TEST_TARGET_NAME = CoreDataDemo;
			};
			name = Release;
		};
/* End XCBuildConfiguration section */

/* Begin XCConfigurationList section */
		84B3BF582BF2DAE50094A661 /* Build configuration list for PBXProject "CoreDataDemo" */ = {
			isa = XCConfigurationList;
			buildConfigurations = (
				84B3BF882BF2DAE60094A661 /* Debug */,
				84B3BF892BF2DAE60094A661 /* Release */,
			);
			defaultConfigurationIsVisible = 0;
			defaultConfigurationName = Release;
		};
		84B3BF8A2BF2DAE60094A661 /* Build configuration list for PBXNativeTarget "CoreDataDemo" */ = {
			isa = XCConfigurationList;
			buildConfigurations = (
				84B3BF8B2BF2DAE60094A661 /* Debug */,
				84B3BF8C2BF2DAE60094A661 /* Release */,
			);
			defaultConfigurationIsVisible = 0;
			defaultConfigurationName = Release;
		};
		84B3BF8D2BF2DAE60094A661 /* Build configuration list for PBXNativeTarget "CoreDataDemoTests" */ = {
			isa = XCConfigurationList;
			buildConfigurations = (
				84B3BF8E2BF2DAE60094A661 /* Debug */,
				84B3BF8F2BF2DAE60094A661 /* Release */,
			);
			defaultConfigurationIsVisible = 0;
			defaultConfigurationName = Release;
		};
		84B3BF902BF2DAE60094A661 /* Build configuration list for PBXNativeTarget "CoreDataDemoUITests" */ = {
			isa = XCConfigurationList;
			buildConfigurations = (
				84B3BF912BF2DAE60094A661 /* Debug */,
				84B3BF922BF2DAE60094A661 /* Release */,
			);
			defaultConfigurationIsVisible = 0;
			defaultConfigurationName = Release;
		};
/* End XCConfigurationList section */

/* Begin XCVersionGroup section */
		84B3BF692BF2DAE50094A661 /* CoreDataDemo.xcdatamodeld */ = {
			isa = XCVersionGroup;
			children = (
				84B3BF6A2BF2DAE50094A661 /* CoreDataDemo.xcdatamodel */,
			);
			currentVersion = 84B3BF6A2BF2DAE50094A661 /* CoreDataDemo.xcdatamodel */;
			path = CoreDataDemo.xcdatamodeld;
			sourceTree = "<group>";
			versionGroupType = wrapper.xcdatamodel;
		};
/* End XCVersionGroup section */
	};
	rootObject = 84B3BF552BF2DAE50094A661 /* Project object */;
}
